
Microsoft Visual Studio Solution File, Format Version 12.00
# Visual Studio Version 17
VisualStudioVersion = 17.0.31903.59
MinimumVisualStudioVersion = 10.0.40219.1
Project("{FAE04EC0-301F-11D3-BF4B-00C04F79EFBC}") = "UTF.HAL", "UTF.HAL\UTF.HAL.csproj", "{34B29146-E162-4685-91CC-6028E269F5DC}"
EndProject
Project("{FAE04EC0-301F-11D3-BF4B-00C04F79EFBC}") = "UTF.Core", "UTF.Core\UTF.Core.csproj", "{10E90A34-1E72-4704-9115-05BB2798C017}"
EndProject
Project("{FAE04EC0-301F-11D3-BF4B-00C04F79EFBC}") = "UTF.Business", "UTF.Business\UTF.Business.csproj", "{4B12054F-B69E-435B-BBB2-5B9414159915}"
EndProject
Project("{FAE04EC0-301F-11D3-BF4B-00C04F79EFBC}") = "UTF.UI", "UTF.UI\UTF.UI.csproj", "{39AFCB13-D679-41E2-908E-74EF17841409}"
EndProject
Project("{FAE04EC0-301F-11D3-BF4B-00C04F79EFBC}") = "UTF.Logging", "UTF.Logging\UTF.Logging.csproj", "{DEF600C3-723A-4A8B-93B7-3EA2AD31E3AD}"
EndProject
Project("{FAE04EC0-301F-11D3-BF4B-00C04F79EFBC}") = "UTF.Reporting", "UTF.Reporting\UTF.Reporting.csproj", "{67651605-6224-4DDB-97A9-0AA3FD22E72C}"
EndProject
Project("{FAE04EC0-301F-11D3-BF4B-00C04F79EFBC}") = "UTF.Configuration", "UTF.Configuration\UTF.Configuration.csproj", "{38FA8DBF-857F-4F26-9629-700364B6E0F8}"
EndProject
Project("{FAE04EC0-301F-11D3-BF4B-00C04F79EFBC}") = "UTF.Vision", "UTF.Vision\UTF.Vision.csproj", "{3B87B246-4666-4A9A-B462-5010AAF851EB}"
EndProject
Project("{FAE04EC0-301F-11D3-BF4B-00C04F79EFBC}") = "UTF.Plugin.Abstractions", "UTF.Plugin.Abstractions\UTF.Plugin.Abstractions.csproj", "{EA87A793-A7DC-48BA-BCB9-89BF5A570319}"
EndProject
Project("{FAE04EC0-301F-11D3-BF4B-00C04F79EFBC}") = "UTF.Plugin.Host", "UTF.Plugin.Host\UTF.Plugin.Host.csproj", "{F554E7CF-B8AA-41CB-A2B5-5222B0DE7640}"
EndProject
Project("{FAE04EC0-301F-11D3-BF4B-00C04F79EFBC}") = "UTF.Plugins.Example", "UTF.Plugins.Example\UTF.Plugins.Example.csproj", "{0FA2B764-119B-4865-8D30-C16537A3DFBB}"
EndProject
Project("{FAE04EC0-301F-11D3-BF4B-00C04F79EFBC}") = "UTF.Plugins.Drivers", "UTF.Plugins.Drivers\UTF.Plugins.Drivers.csproj", "{7488ECCB-97E6-4488-B724-456C8CEA5DF4}"
EndProject
Project("{2150E333-8FDC-42A3-9474-1A3956D46DE8}") = "tests", "tests", "{0AB3BF05-4346-4AA6-1389-037BE0695223}"
EndProject
Project("{FAE04EC0-301F-11D3-BF4B-00C04F79EFBC}") = "UTF.Core.Tests", "tests\UTF.Core.Tests\UTF.Core.Tests.csproj", "{AC68B700-018D-4A67-91D1-784A08D62935}"
EndProject
Global
	GlobalSection(SolutionConfigurationPlatforms) = preSolution
		Debug|Any CPU = Debug|Any CPU
		Debug|x64 = Debug|x64
		Debug|x86 = Debug|x86
		Release|Any CPU = Release|Any CPU
		Release|x64 = Release|x64
		Release|x86 = Release|x86
	EndGlobalSection
	GlobalSection(ProjectConfigurationPlatforms) = postSolution
		{34B29146-E162-4685-91CC-6028E269F5DC}.Debug|Any CPU.ActiveCfg = Debug|Any CPU
		{34B29146-E162-4685-91CC-6028E269F5DC}.Debug|Any CPU.Build.0 = Debug|Any CPU
		{34B29146-E162-4685-91CC-6028E269F5DC}.Debug|x64.ActiveCfg = Debug|Any CPU
		{34B29146-E162-4685-91CC-6028E269F5DC}.Debug|x64.Build.0 = Debug|Any CPU
		{34B29146-E162-4685-91CC-6028E269F5DC}.Debug|x86.ActiveCfg = Debug|Any CPU
		{34B29146-E162-4685-91CC-6028E269F5DC}.Debug|x86.Build.0 = Debug|Any CPU
		{34B29146-E162-4685-91CC-6028E269F5DC}.Release|Any CPU.ActiveCfg = Release|Any CPU
		{34B29146-E162-4685-91CC-6028E269F5DC}.Release|Any CPU.Build.0 = Release|Any CPU
		{34B29146-E162-4685-91CC-6028E269F5DC}.Release|x64.ActiveCfg = Release|Any CPU
		{34B29146-E162-4685-91CC-6028E269F5DC}.Release|x64.Build.0 = Release|Any CPU
		{34B29146-E162-4685-91CC-6028E269F5DC}.Release|x86.ActiveCfg = Release|Any CPU
		{34B29146-E162-4685-91CC-6028E269F5DC}.Release|x86.Build.0 = Release|Any CPU
		{10E90A34-1E72-4704-9115-05BB2798C017}.Debug|Any CPU.ActiveCfg = Debug|Any CPU
		{10E90A34-1E72-4704-9115-05BB2798C017}.Debug|Any CPU.Build.0 = Debug|Any CPU
		{10E90A34-1E72-4704-9115-05BB2798C017}.Debug|x64.ActiveCfg = Debug|Any CPU
		{10E90A34-1E72-4704-9115-05BB2798C017}.Debug|x64.Build.0 = Debug|Any CPU
		{10E90A34-1E72-4704-9115-05BB2798C017}.Debug|x86.ActiveCfg = Debug|Any CPU
		{10E90A34-1E72-4704-9115-05BB2798C017}.Debug|x86.Build.0 = Debug|Any CPU
		{10E90A34-1E72-4704-9115-05BB2798C017}.Release|Any CPU.ActiveCfg = Release|Any CPU
		{10E90A34-1E72-4704-9115-05BB2798C017}.Release|Any CPU.Build.0 = Release|Any CPU
		{10E90A34-1E72-4704-9115-05BB2798C017}.Release|x64.ActiveCfg = Release|Any CPU
		{10E90A34-1E72-4704-9115-05BB2798C017}.Release|x64.Build.0 = Release|Any CPU
		{10E90A34-1E72-4704-9115-05BB2798C017}.Release|x86.ActiveCfg = Release|Any CPU
		{10E90A34-1E72-4704-9115-05BB2798C017}.Release|x86.Build.0 = Release|Any CPU
		{4B12054F-B69E-435B-BBB2-5B9414159915}.Debug|Any CPU.ActiveCfg = Debug|Any CPU
		{4B12054F-B69E-435B-BBB2-5B9414159915}.Debug|Any CPU.Build.0 = Debug|Any CPU
		{4B12054F-B69E-435B-BBB2-5B9414159915}.Debug|x64.ActiveCfg = Debug|Any CPU
		{4B12054F-B69E-435B-BBB2-5B9414159915}.Debug|x64.Build.0 = Debug|Any CPU
		{4B12054F-B69E-435B-BBB2-5B9414159915}.Debug|x86.ActiveCfg = Debug|Any CPU
		{4B12054F-B69E-435B-BBB2-5B9414159915}.Debug|x86.Build.0 = Debug|Any CPU
		{4B12054F-B69E-435B-BBB2-5B9414159915}.Release|Any CPU.ActiveCfg = Release|Any CPU
		{4B12054F-B69E-435B-BBB2-5B9414159915}.Release|Any CPU.Build.0 = Release|Any CPU
		{4B12054F-B69E-435B-BBB2-5B9414159915}.Release|x64.ActiveCfg = Release|Any CPU
		{4B12054F-B69E-435B-BBB2-5B9414159915}.Release|x64.Build.0 = Release|Any CPU
		{4B12054F-B69E-435B-BBB2-5B9414159915}.Release|x86.ActiveCfg = Release|Any CPU
		{4B12054F-B69E-435B-BBB2-5B9414159915}.Release|x86.Build.0 = Release|Any CPU
		{39AFCB13-D679-41E2-908E-74EF17841409}.Debug|Any CPU.ActiveCfg = Debug|Any CPU
		{39AFCB13-D679-41E2-908E-74EF17841409}.Debug|Any CPU.Build.0 = Debug|Any CPU
		{39AFCB13-D679-41E2-908E-74EF17841409}.Debug|x64.ActiveCfg = Debug|Any CPU
		{39AFCB13-D679-41E2-908E-74EF17841409}.Debug|x64.Build.0 = Debug|Any CPU
		{39AFCB13-D679-41E2-908E-74EF17841409}.Debug|x86.ActiveCfg = Debug|Any CPU
		{39AFCB13-D679-41E2-908E-74EF17841409}.Debug|x86.Build.0 = Debug|Any CPU
		{39AFCB13-D679-41E2-908E-74EF17841409}.Release|Any CPU.ActiveCfg = Release|Any CPU
		{39AFCB13-D679-41E2-908E-74EF17841409}.Release|Any CPU.Build.0 = Release|Any CPU
		{39AFCB13-D679-41E2-908E-74EF17841409}.Release|x64.ActiveCfg = Release|Any CPU
		{39AFCB13-D679-41E2-908E-74EF17841409}.Release|x64.Build.0 = Release|Any CPU
		{39AFCB13-D679-41E2-908E-74EF17841409}.Release|x86.ActiveCfg = Release|Any CPU
		{39AFCB13-D679-41E2-908E-74EF17841409}.Release|x86.Build.0 = Release|Any CPU
		{DEF600C3-723A-4A8B-93B7-3EA2AD31E3AD}.Debug|Any CPU.ActiveCfg = Debug|Any CPU
		{DEF600C3-723A-4A8B-93B7-3EA2AD31E3AD}.Debug|Any CPU.Build.0 = Debug|Any CPU
		{DEF600C3-723A-4A8B-93B7-3EA2AD31E3AD}.Debug|x64.ActiveCfg = Debug|Any CPU
		{DEF600C3-723A-4A8B-93B7-3EA2AD31E3AD}.Debug|x64.Build.0 = Debug|Any CPU
		{DEF600C3-723A-4A8B-93B7-3EA2AD31E3AD}.Debug|x86.ActiveCfg = Debug|Any CPU
		{DEF600C3-723A-4A8B-93B7-3EA2AD31E3AD}.Debug|x86.Build.0 = Debug|Any CPU
		{DEF600C3-723A-4A8B-93B7-3EA2AD31E3AD}.Release|Any CPU.ActiveCfg = Release|Any CPU
		{DEF600C3-723A-4A8B-93B7-3EA2AD31E3AD}.Release|Any CPU.Build.0 = Release|Any CPU
		{DEF600C3-723A-4A8B-93B7-3EA2AD31E3AD}.Release|x64.ActiveCfg = Release|Any CPU
		{DEF600C3-723A-4A8B-93B7-3EA2AD31E3AD}.Release|x64.Build.0 = Release|Any CPU
		{DEF600C3-723A-4A8B-93B7-3EA2AD31E3AD}.Release|x86.ActiveCfg = Release|Any CPU
		{DEF600C3-723A-4A8B-93B7-3EA2AD31E3AD}.Release|x86.Build.0 = Release|Any CPU
		{67651605-6224-4DDB-97A9-0AA3FD22E72C}.Debug|Any CPU.ActiveCfg = Debug|Any CPU
		{67651605-6224-4DDB-97A9-0AA3FD22E72C}.Debug|Any CPU.Build.0 = Debug|Any CPU
		{67651605-6224-4DDB-97A9-0AA3FD22E72C}.Debug|x64.ActiveCfg = Debug|Any CPU
		{67651605-6224-4DDB-97A9-0AA3FD22E72C}.Debug|x64.Build.0 = Debug|Any CPU
		{67651605-6224-4DDB-97A9-0AA3FD22E72C}.Debug|x86.ActiveCfg = Debug|Any CPU
		{67651605-6224-4DDB-97A9-0AA3FD22E72C}.Debug|x86.Build.0 = Debug|Any CPU
		{67651605-6224-4DDB-97A9-0AA3FD22E72C}.Release|Any CPU.ActiveCfg = Release|Any CPU
		{67651605-6224-4DDB-97A9-0AA3FD22E72C}.Release|Any CPU.Build.0 = Release|Any CPU
		{67651605-6224-4DDB-97A9-0AA3FD22E72C}.Release|x64.ActiveCfg = Release|Any CPU
		{67651605-6224-4DDB-97A9-0AA3FD22E72C}.Release|x64.Build.0 = Release|Any CPU
		{67651605-6224-4DDB-97A9-0AA3FD22E72C}.Release|x86.ActiveCfg = Release|Any CPU
		{67651605-6224-4DDB-97A9-0AA3FD22E72C}.Release|x86.Build.0 = Release|Any CPU
		{38FA8DBF-857F-4F26-9629-700364B6E0F8}.Debug|Any CPU.ActiveCfg = Debug|Any CPU
		{38FA8DBF-857F-4F26-9629-700364B6E0F8}.Debug|Any CPU.Build.0 = Debug|Any CPU
		{38FA8DBF-857F-4F26-9629-700364B6E0F8}.Debug|x64.ActiveCfg = Debug|Any CPU
		{38FA8DBF-857F-4F26-9629-700364B6E0F8}.Debug|x64.Build.0 = Debug|Any CPU
		{38FA8DBF-857F-4F26-9629-700364B6E0F8}.Debug|x86.ActiveCfg = Debug|Any CPU
		{38FA8DBF-857F-4F26-9629-700364B6E0F8}.Debug|x86.Build.0 = Debug|Any CPU
		{38FA8DBF-857F-4F26-9629-700364B6E0F8}.Release|Any CPU.ActiveCfg = Release|Any CPU
		{38FA8DBF-857F-4F26-9629-700364B6E0F8}.Release|Any CPU.Build.0 = Release|Any CPU
		{38FA8DBF-857F-4F26-9629-700364B6E0F8}.Release|x64.ActiveCfg = Release|Any CPU
		{38FA8DBF-857F-4F26-9629-700364B6E0F8}.Release|x64.Build.0 = Release|Any CPU
		{38FA8DBF-857F-4F26-9629-700364B6E0F8}.Release|x86.ActiveCfg = Release|Any CPU
		{38FA8DBF-857F-4F26-9629-700364B6E0F8}.Release|x86.Build.0 = Release|Any CPU
		{3B87B246-4666-4A9A-B462-5010AAF851EB}.Debug|Any CPU.ActiveCfg = Debug|Any CPU
		{3B87B246-4666-4A9A-B462-5010AAF851EB}.Debug|Any CPU.Build.0 = Debug|Any CPU
		{3B87B246-4666-4A9A-B462-5010AAF851EB}.Debug|x64.ActiveCfg = Debug|Any CPU
		{3B87B246-4666-4A9A-B462-5010AAF851EB}.Debug|x64.Build.0 = Debug|Any CPU
		{3B87B246-4666-4A9A-B462-5010AAF851EB}.Debug|x86.ActiveCfg = Debug|Any CPU
		{3B87B246-4666-4A9A-B462-5010AAF851EB}.Debug|x86.Build.0 = Debug|Any CPU
		{3B87B246-4666-4A9A-B462-5010AAF851EB}.Release|Any CPU.ActiveCfg = Release|Any CPU
		{3B87B246-4666-4A9A-B462-5010AAF851EB}.Release|Any CPU.Build.0 = Release|Any CPU
		{3B87B246-4666-4A9A-B462-5010AAF851EB}.Release|x64.ActiveCfg = Release|Any CPU
		{3B87B246-4666-4A9A-B462-5010AAF851EB}.Release|x64.Build.0 = Release|Any CPU
		{3B87B246-4666-4A9A-B462-5010AAF851EB}.Release|x86.ActiveCfg = Release|Any CPU
		{3B87B246-4666-4A9A-B462-5010AAF851EB}.Release|x86.Build.0 = Release|Any CPU
		{EA87A793-A7DC-48BA-BCB9-89BF5A570319}.Debug|Any CPU.ActiveCfg = Debug|Any CPU
		{EA87A793-A7DC-48BA-BCB9-89BF5A570319}.Debug|Any CPU.Build.0 = Debug|Any CPU
		{EA87A793-A7DC-48BA-BCB9-89BF5A570319}.Debug|x64.ActiveCfg = Debug|Any CPU
		{EA87A793-A7DC-48BA-BCB9-89BF5A570319}.Debug|x64.Build.0 = Debug|Any CPU
		{EA87A793-A7DC-48BA-BCB9-89BF5A570319}.Debug|x86.ActiveCfg = Debug|Any CPU
		{EA87A793-A7DC-48BA-BCB9-89BF5A570319}.Debug|x86.Build.0 = Debug|Any CPU
		{EA87A793-A7DC-48BA-BCB9-89BF5A570319}.Release|Any CPU.ActiveCfg = Release|Any CPU
		{EA87A793-A7DC-48BA-BCB9-89BF5A570319}.Release|Any CPU.Build.0 = Release|Any CPU
		{EA87A793-A7DC-48BA-BCB9-89BF5A570319}.Release|x64.ActiveCfg = Release|Any CPU
		{EA87A793-A7DC-48BA-BCB9-89BF5A570319}.Release|x64.Build.0 = Release|Any CPU
		{EA87A793-A7DC-48BA-BCB9-89BF5A570319}.Release|x86.ActiveCfg = Release|Any CPU
		{EA87A793-A7DC-48BA-BCB9-89BF5A570319}.Release|x86.Build.0 = Release|Any CPU
		{F554E7CF-B8AA-41CB-A2B5-5222B0DE7640}.Debug|Any CPU.ActiveCfg = Debug|Any CPU
		{F554E7CF-B8AA-41CB-A2B5-5222B0DE7640}.Debug|Any CPU.Build.0 = Debug|Any CPU
		{F554E7CF-B8AA-41CB-A2B5-5222B0DE7640}.Debug|x64.ActiveCfg = Debug|Any CPU
		{F554E7CF-B8AA-41CB-A2B5-5222B0DE7640}.Debug|x64.Build.0 = Debug|Any CPU
		{F554E7CF-B8AA-41CB-A2B5-5222B0DE7640}.Debug|x86.ActiveCfg = Debug|Any CPU
		{F554E7CF-B8AA-41CB-A2B5-5222B0DE7640}.Debug|x86.Build.0 = Debug|Any CPU
		{F554E7CF-B8AA-41CB-A2B5-5222B0DE7640}.Release|Any CPU.ActiveCfg = Release|Any CPU
		{F554E7CF-B8AA-41CB-A2B5-5222B0DE7640}.Release|Any CPU.Build.0 = Release|Any CPU
		{F554E7CF-B8AA-41CB-A2B5-5222B0DE7640}.Release|x64.ActiveCfg = Release|Any CPU
		{F554E7CF-B8AA-41CB-A2B5-5222B0DE7640}.Release|x64.Build.0 = Release|Any CPU
		{F554E7CF-B8AA-41CB-A2B5-5222B0DE7640}.Release|x86.ActiveCfg = Release|Any CPU
		{F554E7CF-B8AA-41CB-A2B5-5222B0DE7640}.Release|x86.Build.0 = Release|Any CPU
		{0FA2B764-119B-4865-8D30-C16537A3DFBB}.Debug|Any CPU.ActiveCfg = Debug|Any CPU
		{0FA2B764-119B-4865-8D30-C16537A3DFBB}.Debug|Any CPU.Build.0 = Debug|Any CPU
		{0FA2B764-119B-4865-8D30-C16537A3DFBB}.Debug|x64.ActiveCfg = Debug|Any CPU
		{0FA2B764-119B-4865-8D30-C16537A3DFBB}.Debug|x64.Build.0 = Debug|Any CPU
		{0FA2B764-119B-4865-8D30-C16537A3DFBB}.Debug|x86.ActiveCfg = Debug|Any CPU
		{0FA2B764-119B-4865-8D30-C16537A3DFBB}.Debug|x86.Build.0 = Debug|Any CPU
		{0FA2B764-119B-4865-8D30-C16537A3DFBB}.Release|Any CPU.ActiveCfg = Release|Any CPU
		{0FA2B764-119B-4865-8D30-C16537A3DFBB}.Release|Any CPU.Build.0 = Release|Any CPU
		{0FA2B764-119B-4865-8D30-C16537A3DFBB}.Release|x64.ActiveCfg = Release|Any CPU
		{0FA2B764-119B-4865-8D30-C16537A3DFBB}.Release|x64.Build.0 = Release|Any CPU
		{0FA2B764-119B-4865-8D30-C16537A3DFBB}.Release|x86.ActiveCfg = Release|Any CPU
		{0FA2B764-119B-4865-8D30-C16537A3DFBB}.Release|x86.Build.0 = Release|Any CPU
		{7488ECCB-97E6-4488-B724-456C8CEA5DF4}.Debug|Any CPU.ActiveCfg = Debug|Any CPU
		{7488ECCB-97E6-4488-B724-456C8CEA5DF4}.Debug|Any CPU.Build.0 = Debug|Any CPU
		{7488ECCB-97E6-4488-B724-456C8CEA5DF4}.Debug|x64.ActiveCfg = Debug|Any CPU
		{7488ECCB-97E6-4488-B724-456C8CEA5DF4}.Debug|x64.Build.0 = Debug|Any CPU
		{7488ECCB-97E6-4488-B724-456C8CEA5DF4}.Debug|x86.ActiveCfg = Debug|Any CPU
		{7488ECCB-97E6-4488-B724-456C8CEA5DF4}.Debug|x86.Build.0 = Debug|Any CPU
		{7488ECCB-97E6-4488-B724-456C8CEA5DF4}.Release|Any CPU.ActiveCfg = Release|Any CPU
		{7488ECCB-97E6-4488-B724-456C8CEA5DF4}.Release|Any CPU.Build.0 = Release|Any CPU
		{7488ECCB-97E6-4488-B724-456C8CEA5DF4}.Release|x64.ActiveCfg = Release|Any CPU
		{7488ECCB-97E6-4488-B724-456C8CEA5DF4}.Release|x64.Build.0 = Release|Any CPU
		{7488ECCB-97E6-4488-B724-456C8CEA5DF4}.Release|x86.ActiveCfg = Release|Any CPU
		{7488ECCB-97E6-4488-B724-456C8CEA5DF4}.Release|x86.Build.0 = Release|Any CPU
		{AC68B700-018D-4A67-91D1-784A08D62935}.Debug|Any CPU.ActiveCfg = Debug|Any CPU
		{AC68B700-018D-4A67-91D1-784A08D62935}.Debug|Any CPU.Build.0 = Debug|Any CPU
		{AC68B700-018D-4A67-91D1-784A08D62935}.Debug|x64.ActiveCfg = Debug|Any CPU
		{AC68B700-018D-4A67-91D1-784A08D62935}.Debug|x64.Build.0 = Debug|Any CPU
		{AC68B700-018D-4A67-91D1-784A08D62935}.Debug|x86.ActiveCfg = Debug|Any CPU
		{AC68B700-018D-4A67-91D1-784A08D62935}.Debug|x86.Build.0 = Debug|Any CPU
		{AC68B700-018D-4A67-91D1-784A08D62935}.Release|Any CPU.ActiveCfg = Release|Any CPU
		{AC68B700-018D-4A67-91D1-784A08D62935}.Release|Any CPU.Build.0 = Release|Any CPU
		{AC68B700-018D-4A67-91D1-784A08D62935}.Release|x64.ActiveCfg = Release|Any CPU
		{AC68B700-018D-4A67-91D1-784A08D62935}.Release|x64.Build.0 = Release|Any CPU
		{AC68B700-018D-4A67-91D1-784A08D62935}.Release|x86.ActiveCfg = Release|Any CPU
		{AC68B700-018D-4A67-91D1-784A08D62935}.Release|x86.Build.0 = Release|Any CPU
	EndGlobalSection
	GlobalSection(SolutionProperties) = preSolution
		HideSolutionNode = FALSE
	EndGlobalSection
	GlobalSection(NestedProjects) = preSolution
		{AC68B700-018D-4A67-91D1-784A08D62935} = {0AB3BF05-4346-4AA6-1389-037BE0695223}
	EndGlobalSection
EndGlobal
